<Solution>
  <Folder Name="/src/">
    <Project Path="src/Koto.Application/Koto.Application.csproj" />
    <Project Path="src/Koto.Domain/Koto.Domain.csproj" />
    <Project Path="src/Koto.EventSourcing.Marten/Koto.EventSourcing.Marten.csproj" />
    <Project Path="src/Koto.Infrastructure.EFCore/Koto.Infrastructure.EFCore.csproj" />
    <Project Path="src/Koto.Infrastructure.Http/Koto.Infrastructure.Http.csproj" />
    <Project Path="src/Koto.Validation/Koto.Validation.csproj" />
  </Folder>
  <Folder Name="/tests/">
    <Project Path="tests/Koto.Application.Tests/Koto.Application.Tests.csproj" />
    <Project Path="tests/Koto.Domain.Tests/Koto.Domain.Tests.csproj" />
    <Project Path="tests/Koto.EventSourcing.Marten.Tests/Koto.EventSourcing.Marten.Tests.csproj" />
    <Project Path="tests/Koto.Infrastructure.EFCore.Tests/Koto.Infrastructure.EFCore.Tests.csproj" />
    <Project Path="tests/Koto.Infrastructure.Http.Tests/Koto.Infrastructure.Http.Tests.csproj" />
    <Project Path="tests/Koto.Validation.Tests/Koto.Validation.Tests.csproj" />
  </Folder>
</Solution>
