<Solution>
  <Folder Name="/src/">
    <Project Path="src/Koto.Api.AspNetCore/Koto.Api.AspNetCore.csproj" />
    <Project Path="src/Koto.Api.FastEndpoints/Koto.Api.FastEndpoints.csproj" />
    <Project Path="src/Koto.Application/Koto.Application.csproj" />
    <Project Path="src/Koto.Domain/Koto.Domain.csproj" />
    <Project Path="src/Koto.EventSourcing.Marten/Koto.EventSourcing.Marten.csproj" />
    <Project Path="src/Koto.Infrastructure.EFCore/Koto.Infrastructure.EFCore.csproj" />
    <Project Path="src/Koto.Infrastructure.Http/Koto.Infrastructure.Http.csproj" />
    <Project Path="src/Koto.Messaging.Wolverine.Postgres/Koto.Messaging.Wolverine.Postgres.csproj" />
    <Project Path="src/Koto.Messaging.Wolverine/Koto.Messaging.Wolverine.csproj" />
    <Project Path="src/Koto.Observability/Koto.Observability.csproj" />
    <Project Path="src/Koto.Scheduling/Koto.Scheduling.csproj" />
    <Project Path="src/Koto.Testing/Koto.Testing.csproj" />
    <Project Path="src/Koto.Validation/Koto.Validation.csproj" />
  </Folder>
  <Folder Name="/tests/">
    <Project Path="tests/Koto.Api.AspNetCore.Tests/Koto.Api.AspNetCore.Tests.csproj" />
    <Project Path="tests/Koto.Api.FastEndpoints.Tests/Koto.Api.FastEndpoints.Tests.csproj" />
    <Project Path="tests/Koto.Application.Tests/Koto.Application.Tests.csproj" />
    <Project Path="tests/Koto.Domain.Tests/Koto.Domain.Tests.csproj" />
    <Project Path="tests/Koto.EventSourcing.Marten.Tests/Koto.EventSourcing.Marten.Tests.csproj" />
    <Project Path="tests/Koto.Infrastructure.EFCore.Tests/Koto.Infrastructure.EFCore.Tests.csproj" />
    <Project Path="tests/Koto.Infrastructure.Http.Tests/Koto.Infrastructure.Http.Tests.csproj" />
    <Project Path="tests/Koto.Messaging.Wolverine.Postgres.Tests/Koto.Messaging.Wolverine.Postgres.Tests.csproj" />
    <Project Path="tests/Koto.Messaging.Wolverine.Tests/Koto.Messaging.Wolverine.Tests.csproj" />
    <Project Path="tests/Koto.Observability.Tests/Koto.Observability.Tests.csproj" />
    <Project Path="tests/Koto.Scheduling.Tests/Koto.Scheduling.Tests.csproj" />
    <Project Path="tests/Koto.Testing.Tests/Koto.Testing.Tests.csproj" />
    <Project Path="tests/Koto.Validation.Tests/Koto.Validation.Tests.csproj" />
  </Folder>
</Solution>
